{
  "nodes": {
    "nixpkgs": {
      "locked": {
        "lastModified": 1716038664,
        "narHash": "sha256-pTU91thvm9Mhuw6CwP0Hv4J2F1LUPUk7He+dnG7ZQ2s=",
        "owner": "NixOS",
        "repo": "nixpkgs",
        "rev": "af3b9bfb1b9450fcb6bf4415a1b3b16547d3d45b",
        "type": "github"
      },
      "original": {
        "owner": "NixOS",
        "ref": "nixpkgs-23.11-darwin",
        "repo": "nixpkgs",
        "type": "github"
      }
    },
    "root": {
      "inputs": {
        "nixpkgs": "nixpkgs"
      }
    }
  },
  "root": "root",
  "version": 7
}
